
Microsoft Visual Studio Solution File, Format Version 12.00
# Visual Studio 15
VisualStudioVersion = 15.0.26124.0
MinimumVisualStudioVersion = 15.0.26124.0
Project("{FAE04EC0-301F-11D3-BF4B-00C04F79EFBC}") = "API", "API\API.csproj", "{7F8199B2-E81E-41A2-BF00-E93B5BAFA652}"
EndProject
Project("{FAE04EC0-301F-11D3-BF4B-00C04F79EFBC}") = "Application", "Application\Application.csproj", "{16470542-8312-4758-B3AA-6FF81DECD494}"
EndProject
Project("{FAE04EC0-301F-11D3-BF4B-00C04F79EFBC}") = "Domain", "Domain\Domain.csproj", "{E58E3A18-F565-4568-A010-23A9480C54DE}"
EndProject
Project("{FAE04EC0-301F-11D3-BF4B-00C04F79EFBC}") = "Persistence", "Persistence\Persistence.csproj", "{7C2689EF-4BD9-4645-9397-6705D8F97752}"
EndProject
Global
	GlobalSection(SolutionConfigurationPlatforms) = preSolution
		Debug|Any CPU = Debug|Any CPU
		Debug|x64 = Debug|x64
		Debug|x86 = Debug|x86
		Release|Any CPU = Release|Any CPU
		Release|x64 = Release|x64
		Release|x86 = Release|x86
	EndGlobalSection
	GlobalSection(SolutionProperties) = preSolution
		HideSolutionNode = FALSE
	EndGlobalSection
	GlobalSection(ProjectConfigurationPlatforms) = postSolution
		{7F8199B2-E81E-41A2-BF00-E93B5BAFA652}.Debug|Any CPU.ActiveCfg = Debug|Any CPU
		{7F8199B2-E81E-41A2-BF00-E93B5BAFA652}.Debug|Any CPU.Build.0 = Debug|Any CPU
		{7F8199B2-E81E-41A2-BF00-E93B5BAFA652}.Debug|x64.ActiveCfg = Debug|Any CPU
		{7F8199B2-E81E-41A2-BF00-E93B5BAFA652}.Debug|x64.Build.0 = Debug|Any CPU
		{7F8199B2-E81E-41A2-BF00-E93B5BAFA652}.Debug|x86.ActiveCfg = Debug|Any CPU
		{7F8199B2-E81E-41A2-BF00-E93B5BAFA652}.Debug|x86.Build.0 = Debug|Any CPU
		{7F8199B2-E81E-41A2-BF00-E93B5BAFA652}.Release|Any CPU.ActiveCfg = Release|Any CPU
		{7F8199B2-E81E-41A2-BF00-E93B5BAFA652}.Release|Any CPU.Build.0 = Release|Any CPU
		{7F8199B2-E81E-41A2-BF00-E93B5BAFA652}.Release|x64.ActiveCfg = Release|Any CPU
		{7F8199B2-E81E-41A2-BF00-E93B5BAFA652}.Release|x64.Build.0 = Release|Any CPU
		{7F8199B2-E81E-41A2-BF00-E93B5BAFA652}.Release|x86.ActiveCfg = Release|Any CPU
		{7F8199B2-E81E-41A2-BF00-E93B5BAFA652}.Release|x86.Build.0 = Release|Any CPU
		{16470542-8312-4758-B3AA-6FF81DECD494}.Debug|Any CPU.ActiveCfg = Debug|Any CPU
		{16470542-8312-4758-B3AA-6FF81DECD494}.Debug|Any CPU.Build.0 = Debug|Any CPU
		{16470542-8312-4758-B3AA-6FF81DECD494}.Debug|x64.ActiveCfg = Debug|Any CPU
		{16470542-8312-4758-B3AA-6FF81DECD494}.Debug|x64.Build.0 = Debug|Any CPU
		{16470542-8312-4758-B3AA-6FF81DECD494}.Debug|x86.ActiveCfg = Debug|Any CPU
		{16470542-8312-4758-B3AA-6FF81DECD494}.Debug|x86.Build.0 = Debug|Any CPU
		{16470542-8312-4758-B3AA-6FF81DECD494}.Release|Any CPU.ActiveCfg = Release|Any CPU
		{16470542-8312-4758-B3AA-6FF81DECD494}.Release|Any CPU.Build.0 = Release|Any CPU
		{16470542-8312-4758-B3AA-6FF81DECD494}.Release|x64.ActiveCfg = Release|Any CPU
		{16470542-8312-4758-B3AA-6FF81DECD494}.Release|x64.Build.0 = Release|Any CPU
		{16470542-8312-4758-B3AA-6FF81DECD494}.Release|x86.ActiveCfg = Release|Any CPU
		{16470542-8312-4758-B3AA-6FF81DECD494}.Release|x86.Build.0 = Release|Any CPU
		{E58E3A18-F565-4568-A010-23A9480C54DE}.Debug|Any CPU.ActiveCfg = Debug|Any CPU
		{E58E3A18-F565-4568-A010-23A9480C54DE}.Debug|Any CPU.Build.0 = Debug|Any CPU
		{E58E3A18-F565-4568-A010-23A9480C54DE}.Debug|x64.ActiveCfg = Debug|Any CPU
		{E58E3A18-F565-4568-A010-23A9480C54DE}.Debug|x64.Build.0 = Debug|Any CPU
		{E58E3A18-F565-4568-A010-23A9480C54DE}.Debug|x86.ActiveCfg = Debug|Any CPU
		{E58E3A18-F565-4568-A010-23A9480C54DE}.Debug|x86.Build.0 = Debug|Any CPU
		{E58E3A18-F565-4568-A010-23A9480C54DE}.Release|Any CPU.ActiveCfg = Release|Any CPU
		{E58E3A18-F565-4568-A010-23A9480C54DE}.Release|Any CPU.Build.0 = Release|Any CPU
		{E58E3A18-F565-4568-A010-23A9480C54DE}.Release|x64.ActiveCfg = Release|Any CPU
		{E58E3A18-F565-4568-A010-23A9480C54DE}.Release|x64.Build.0 = Release|Any CPU
		{E58E3A18-F565-4568-A010-23A9480C54DE}.Release|x86.ActiveCfg = Release|Any CPU
		{E58E3A18-F565-4568-A010-23A9480C54DE}.Release|x86.Build.0 = Release|Any CPU
		{7C2689EF-4BD9-4645-9397-6705D8F97752}.Debug|Any CPU.ActiveCfg = Debug|Any CPU
		{7C2689EF-4BD9-4645-9397-6705D8F97752}.Debug|Any CPU.Build.0 = Debug|Any CPU
		{7C2689EF-4BD9-4645-9397-6705D8F97752}.Debug|x64.ActiveCfg = Debug|Any CPU
		{7C2689EF-4BD9-4645-9397-6705D8F97752}.Debug|x64.Build.0 = Debug|Any CPU
		{7C2689EF-4BD9-4645-9397-6705D8F97752}.Debug|x86.ActiveCfg = Debug|Any CPU
		{7C2689EF-4BD9-4645-9397-6705D8F97752}.Debug|x86.Build.0 = Debug|Any CPU
		{7C2689EF-4BD9-4645-9397-6705D8F97752}.Release|Any CPU.ActiveCfg = Release|Any CPU
		{7C2689EF-4BD9-4645-9397-6705D8F97752}.Release|Any CPU.Build.0 = Release|Any CPU
		{7C2689EF-4BD9-4645-9397-6705D8F97752}.Release|x64.ActiveCfg = Release|Any CPU
		{7C2689EF-4BD9-4645-9397-6705D8F97752}.Release|x64.Build.0 = Release|Any CPU
		{7C2689EF-4BD9-4645-9397-6705D8F97752}.Release|x86.ActiveCfg = Release|Any CPU
		{7C2689EF-4BD9-4645-9397-6705D8F97752}.Release|x86.Build.0 = Release|Any CPU
	EndGlobalSection
EndGlobal
